
Microsoft Visual Studio Solution File, Format Version 12.00
# Visual Studio 15
VisualStudioVersion = 15.0.26430.15
MinimumVisualStudioVersion = 10.0.40219.1
Project("{FAE04EC0-301F-11D3-BF4B-00C04F79EFBC}") = "software_evolution", "software_evolution\software_evolution.csproj", "{2EF346B7-17B3-4DD9-A2F6-3951059C6CB3}"
EndProject
Project("{FAE04EC0-301F-11D3-BF4B-00C04F79EFBC}") = "software_evolution_test", "software_evolution_test\software_evolution_test.csproj", "{0097DABE-140F-4721-B034-1367DE6D6381}"
EndProject
Global
	GlobalSection(SolutionConfigurationPlatforms) = preSolution
		Debug|Any CPU = Debug|Any CPU
		Release|Any CPU = Release|Any CPU
	EndGlobalSection
	GlobalSection(ProjectConfigurationPlatforms) = postSolution
		{2EF346B7-17B3-4DD9-A2F6-3951059C6CB3}.Debug|Any CPU.ActiveCfg = Debug|Any CPU
		{2EF346B7-17B3-4DD9-A2F6-3951059C6CB3}.Debug|Any CPU.Build.0 = Debug|Any CPU
		{2EF346B7-17B3-4DD9-A2F6-3951059C6CB3}.Release|Any CPU.ActiveCfg = Release|Any CPU
		{2EF346B7-17B3-4DD9-A2F6-3951059C6CB3}.Release|Any CPU.Build.0 = Release|Any CPU
		{0097DABE-140F-4721-B034-1367DE6D6381}.Debug|Any CPU.ActiveCfg = Debug|Any CPU
		{0097DABE-140F-4721-B034-1367DE6D6381}.Debug|Any CPU.Build.0 = Debug|Any CPU
		{0097DABE-140F-4721-B034-1367DE6D6381}.Release|Any CPU.ActiveCfg = Release|Any CPU
		{0097DABE-140F-4721-B034-1367DE6D6381}.Release|Any CPU.Build.0 = Release|Any CPU
	EndGlobalSection
	GlobalSection(SolutionProperties) = preSolution
		HideSolutionNode = FALSE
	EndGlobalSection
EndGlobal
